Microsoft Visual Studio Solution File, Format Version 12.00
# Visual Studio Version 17
VisualStudioVersion = 17.0.31903.59
MinimumVisualStudioVersion = 10.0.40219.1
Project("{FAE04EC0-301F-11D3-BF4B-00C04F79EFBC}") = "PowerApps.Automation.Core", "src\PowerApps.Automation.Core\PowerApps.Automation.Core.csproj", "{F07CE056-8867-4A10-A6F8-C5550F58E684}"
EndProject
Project("{FAE04EC0-301F-11D3-BF4B-00C04F79EFBC}") = "PowerApps.Automation.Tests", "tests\PowerApps.Automation.Tests\PowerApps.Automation.Tests.csproj", "{7E7C9E65-AF5D-4B56-8F5D-455885B88246}"
EndProject
Project("{FAE04EC0-301F-11D3-BF4B-00C04F79EFBC}") = "PowerApps.AuthSetup", "tools\PowerApps.AuthSetup\PowerApps.AuthSetup.csproj", "{90E26E72-44CC-44F7-BB8F-77BF9CB26FB2}"
EndProject
Global
    GlobalSection(SolutionConfigurationPlatforms) = preSolution
        Debug|Any CPU = Debug|Any CPU
        Release|Any CPU = Release|Any CPU
    EndGlobalSection
    GlobalSection(ProjectConfigurationPlatforms) = postSolution
        {F07CE056-8867-4A10-A6F8-C5550F58E684}.Debug|Any CPU.ActiveCfg = Debug|Any CPU
        {F07CE056-8867-4A10-A6F8-C5550F58E684}.Debug|Any CPU.Build.0 = Debug|Any CPU
        {F07CE056-8867-4A10-A6F8-C5550F58E684}.Release|Any CPU.ActiveCfg = Release|Any CPU
        {F07CE056-8867-4A10-A6F8-C5550F58E684}.Release|Any CPU.Build.0 = Release|Any CPU
        {7E7C9E65-AF5D-4B56-8F5D-455885B88246}.Debug|Any CPU.ActiveCfg = Debug|Any CPU
        {7E7C9E65-AF5D-4B56-8F5D-455885B88246}.Debug|Any CPU.Build.0 = Debug|Any CPU
        {7E7C9E65-AF5D-4B56-8F5D-455885B88246}.Release|Any CPU.ActiveCfg = Release|Any CPU
        {7E7C9E65-AF5D-4B56-8F5D-455885B88246}.Release|Any CPU.Build.0 = Release|Any CPU
        {90E26E72-44CC-44F7-BB8F-77BF9CB26FB2}.Debug|Any CPU.ActiveCfg = Debug|Any CPU
        {90E26E72-44CC-44F7-BB8F-77BF9CB26FB2}.Debug|Any CPU.Build.0 = Debug|Any CPU
        {90E26E72-44CC-44F7-BB8F-77BF9CB26FB2}.Release|Any CPU.ActiveCfg = Release|Any CPU
        {90E26E72-44CC-44F7-BB8F-77BF9CB26FB2}.Release|Any CPU.Build.0 = Release|Any CPU
    EndGlobalSection
EndGlobal
